
Microsoft Visual Studio Solution File, Format Version 12.00
# Visual Studio Version 17
VisualStudioVersion = 17.0.32014.148
MinimumVisualStudioVersion = 10.0.40219.1
Project("{9A19103F-16F7-4668-BE54-9A1E7A4F7556}") = "Jsx", "Jsx.csproj", "{F487DA2C-4FB6-488E-B500-02E1A34D636E}"
EndProject
Project("{FAE04EC0-301F-11D3-BF4B-00C04F79EFBC}") = "Cs2Ts", "..\Cs2Ts\Cs2Ts.csproj", "{B18B2A80-A59F-441A-B746-F79B637CA744}"
EndProject
Global
	GlobalSection(SolutionConfigurationPlatforms) = preSolution
		Debug|Any CPU = Debug|Any CPU
		Release|Any CPU = Release|Any CPU
	EndGlobalSection
	GlobalSection(ProjectConfigurationPlatforms) = postSolution
		{F487DA2C-4FB6-488E-B500-02E1A34D636E}.Debug|Any CPU.ActiveCfg = Debug|Any CPU
		{F487DA2C-4FB6-488E-B500-02E1A34D636E}.Debug|Any CPU.Build.0 = Debug|Any CPU
		{F487DA2C-4FB6-488E-B500-02E1A34D636E}.Release|Any CPU.ActiveCfg = Release|Any CPU
		{F487DA2C-4FB6-488E-B500-02E1A34D636E}.Release|Any CPU.Build.0 = Release|Any CPU
		{B18B2A80-A59F-441A-B746-F79B637CA744}.Debug|Any CPU.ActiveCfg = Debug|Any CPU
		{B18B2A80-A59F-441A-B746-F79B637CA744}.Debug|Any CPU.Build.0 = Debug|Any CPU
		{B18B2A80-A59F-441A-B746-F79B637CA744}.Release|Any CPU.ActiveCfg = Release|Any CPU
		{B18B2A80-A59F-441A-B746-F79B637CA744}.Release|Any CPU.Build.0 = Release|Any CPU
	EndGlobalSection
	GlobalSection(SolutionProperties) = preSolution
		HideSolutionNode = FALSE
	EndGlobalSection
	GlobalSection(ExtensibilityGlobals) = postSolution
		SolutionGuid = {32DDA4E7-35C1-43ED-A55B-2980B1DDE67B}
	EndGlobalSection
EndGlobal
